
Microsoft Visual Studio Solution File, Format Version 12.00
# Visual Studio Version 16
VisualStudioVersion = 16.0.31019.35
MinimumVisualStudioVersion = 10.0.40219.1
Project("{FAE04EC0-301F-11D3-BF4B-00C04F79EFBC}") = "MvcModalPOC", "MvcModalPOC\MvcModalPOC.csproj", "{021EAC7E-9D9B-4F21-9D83-31DDA453B78C}"
EndProject
Global
	GlobalSection(SolutionConfigurationPlatforms) = preSolution
		Debug|Any CPU = Debug|Any CPU
		Release|Any CPU = Release|Any CPU
	EndGlobalSection
	GlobalSection(ProjectConfigurationPlatforms) = postSolution
		{021EAC7E-9D9B-4F21-9D83-31DDA453B78C}.Debug|Any CPU.ActiveCfg = Debug|Any CPU
		{021EAC7E-9D9B-4F21-9D83-31DDA453B78C}.Debug|Any CPU.Build.0 = Debug|Any CPU
		{021EAC7E-9D9B-4F21-9D83-31DDA453B78C}.Release|Any CPU.ActiveCfg = Release|Any CPU
		{021EAC7E-9D9B-4F21-9D83-31DDA453B78C}.Release|Any CPU.Build.0 = Release|Any CPU
	EndGlobalSection
	GlobalSection(SolutionProperties) = preSolution
		HideSolutionNode = FALSE
	EndGlobalSection
	GlobalSection(ExtensibilityGlobals) = postSolution
		SolutionGuid = {B45CBAB9-857C-4BAA-A61A-651C5A31E644}
	EndGlobalSection
EndGlobal
